// !$*UTF8*$!
{
	archiveVersion = 1;
	classes = {
	};
	objectVersion = 46;
	objects = {

/* Begin PBXBuildFile section */
		A157DFBE1CC50F4C001D5DEF /* AppDelegate.swift in Sources */ = {isa = PBXBuildFile; fileRef = A157DFBD1CC50F4C001D5DEF /* AppDelegate.swift */; };
		A157DFC01CC50F4C001D5DEF /* ViewController.swift in Sources */ = {isa = PBXBuildFile; fileRef = A157DFBF1CC50F4C001D5DEF /* ViewController.swift */; };
		A157DFC31CC50F4C001D5DEF /* Main.storyboard in Resources */ = {isa = PBXBuildFile; fileRef = A157DFC11CC50F4C001D5DEF /* Main.storyboard */; };
		A157DFC61CC50F4C001D5DEF /* TheScrapbook.xcdatamodeld in Sources */ = {isa = PBXBuildFile; fileRef = A157DFC41CC50F4C001D5DEF /* TheScrapbook.xcdatamodeld */; };
		A157DFC81CC50F4C001D5DEF /* Assets.xcassets in Resources */ = {isa = PBXBuildFile; fileRef = A157DFC71CC50F4C001D5DEF /* Assets.xcassets */; };
		A157DFCB1CC50F4C001D5DEF /* LaunchScreen.storyboard in Resources */ = {isa = PBXBuildFile; fileRef = A157DFC91CC50F4C001D5DEF /* LaunchScreen.storyboard */; };
/* End PBXBuildFile section */

/* Begin PBXFileReference section */
		A157DFBA1CC50F4C001D5DEF /* TheScrapbook.app */ = {isa = PBXFileReference; explicitFileType = wrapper.application; includeInIndex = 0; path = TheScrapbook.app; sourceTree = BUILT_PRODUCTS_DIR; };
		A157DFBD1CC50F4C001D5DEF /* AppDelegate.swift */ = {isa = PBXFileReference; lastKnownFileType = sourcecode.swift; path = AppDelegate.swift; sourceTree = "<group>"; };
		A157DFBF1CC50F4C001D5DEF /* ViewController.swift */ = {isa = PBXFileReference; lastKnownFileType = sourcecode.swift; path = ViewController.swift; sourceTree = "<group>"; };
		A157DFC21CC50F4C001D5DEF /* Base */ = {isa = PBXFileReference; lastKnownFileType = file.storyboard; name = Base; path = Base.lproj/Main.storyboard; sourceTree = "<group>"; };
		A157DFC51CC50F4C001D5DEF /* TheScrapbook.xcdatamodel */ = {isa = PBXFileReference; lastKnownFileType = wrapper.xcdatamodel; path = TheScrapbook.xcdatamodel; sourceTree = "<group>"; };
		A157DFC71CC50F4C001D5DEF /* Assets.xcassets */ = {isa = PBXFileReference; lastKnownFileType = folder.assetcatalog; path = Assets.xcassets; sourceTree = "<group>"; };
		A157DFCA1CC50F4C001D5DEF /* Base */ = {isa = PBXFileReference; lastKnownFileType = file.storyboard; name = Base; path = Base.lproj/LaunchScreen.storyboard; sourceTree = "<group>"; };
		A157DFCC1CC50F4C001D5DEF /* Info.plist */ = {isa = PBXFileReference; lastKnownFileType = text.plist.xml; path = Info.plist; sourceTree = "<group>"; };
/* End PBXFileReference section */

/* Begin PBXFrameworksBuildPhase section */
		A157DFB71CC50F4C001D5DEF /* Frameworks */ = {
			isa = PBXFrameworksBuildPhase;
			buildActionMask = 2147483647;
			files = (
			);
			runOnlyForDeploymentPostprocessing = 0;
		};
/* End PBXFrameworksBuildPhase section */

/* Begin PBXGroup section */
		A157DFB11CC50F4B001D5DEF = {
			isa = PBXGroup;
			children = (
				A157DFBC1CC50F4C001D5DEF /* TheScrapbook */,
				A157DFBB1CC50F4C001D5DEF /* Products */,
			);
			sourceTree = "<group>";
		};
		A157DFBB1CC50F4C001D5DEF /* Products */ = {
			isa = PBXGroup;
			children = (
				A157DFBA1CC50F4C001D5DEF /* TheScrapbook.app */,
			);
			name = Products;
			sourceTree = "<group>";
		};
		A157DFBC1CC50F4C001D5DEF /* TheScrapbook */ = {
			isa = PBXGroup;
			children = (
				A157DFBD1CC50F4C001D5DEF /* AppDelegate.swift */,
				A157DFBF1CC50F4C001D5DEF /* ViewController.swift */,
				A157DFC11CC50F4C001D5DEF /* Main.storyboard */,
				A157DFC71CC50F4C001D5DEF /* Assets.xcassets */,
				A157DFC91CC50F4C001D5DEF /* LaunchScreen.storyboard */,
				A157DFCC1CC50F4C001D5DEF /* Info.plist */,
				A157DFC41CC50F4C001D5DEF /* TheScrapbook.xcdatamodeld */,
			);
			path = TheScrapbook;
			sourceTree = "<group>";
		};
/* End PBXGroup section */

/* Begin PBXNativeTarget section */
		A157DFB91CC50F4C001D5DEF /* TheScrapbook */ = {
			isa = PBXNativeTarget;
			buildConfigurationList = A157DFCF1CC50F4C001D5DEF /* Build configuration list for PBXNativeTarget "TheScrapbook" */;
			buildPhases = (
				A157DFB61CC50F4C001D5DEF /* Sources */,
				A157DFB71CC50F4C001D5DEF /* Frameworks */,
				A157DFB81CC50F4C001D5DEF /* Resources */,
			);
			buildRules = (
			);
			dependencies = (
			);
			name = TheScrapbook;
			productName = TheScrapbook;
			productReference = A157DFBA1CC50F4C001D5DEF /* TheScrapbook.app */;
			productType = "com.apple.product-type.application";
		};
/* End PBXNativeTarget section */

/* Begin PBXProject section */
		A157DFB21CC50F4B001D5DEF /* Project object */ = {
			isa = PBXProject;
			attributes = {
				LastSwiftUpdateCheck = 0720;
				LastUpgradeCheck = 0720;
				ORGANIZATIONNAME = "Zhe Xian Lee";
				TargetAttributes = {
					A157DFB91CC50F4C001D5DEF = {
						CreatedOnToolsVersion = 7.2.1;
						DevelopmentTeam = GF4RL3W483;
					};
				};
			};
			buildConfigurationList = A157DFB51CC50F4B001D5DEF /* Build configuration list for PBXProject "TheScrapbook" */;
			compatibilityVersion = "Xcode 3.2";
			developmentRegion = English;
			hasScannedForEncodings = 0;
			knownRegions = (
				en,
				Base,
			);
			mainGroup = A157DFB11CC50F4B001D5DEF;
			productRefGroup = A157DFBB1CC50F4C001D5DEF /* Products */;
			projectDirPath = "";
			projectRoot = "";
			targets = (
				A157DFB91CC50F4C001D5DEF /* TheScrapbook */,
			);
		};
/* End PBXProject section */

/* Begin PBXResourcesBuildPhase section */
		A157DFB81CC50F4C001D5DEF /* Resources */ = {
			isa = PBXResourcesBuildPhase;
			buildActionMask = 2147483647;
			files = (
				A157DFCB1CC50F4C001D5DEF /* LaunchScreen.storyboard in Resources */,
				A157DFC81CC50F4C001D5DEF /* Assets.xcassets in Resources */,
				A157DFC31CC50F4C001D5DEF /* Main.storyboard in Resources */,
			);
			runOnlyForDeploymentPostprocessing = 0;
		};
/* End PBXResourcesBuildPhase section */

/* Begin PBXSourcesBuildPhase section */
		A157DFB61CC50F4C001D5DEF /* Sources */ = {
			isa = PBXSourcesBuildPhase;
			buildActionMask = 2147483647;
			files = (
				A157DFC01CC50F4C001D5DEF /* ViewController.swift in Sources */,
				A157DFBE1CC50F4C001D5DEF /* AppDelegate.swift in Sources */,
				A157DFC61CC50F4C001D5DEF /* TheScrapbook.xcdatamodeld in Sources */,
			);
			runOnlyForDeploymentPostprocessing = 0;
		};
/* End PBXSourcesBuildPhase section */

/* Begin PBXVariantGroup section */
		A157DFC11CC50F4C001D5DEF /* Main.storyboard */ = {
			isa = PBXVariantGroup;
			children = (
				A157DFC21CC50F4C001D5DEF /* Base */,
			);
			name = Main.storyboard;
			sourceTree = "<group>";
		};
		A157DFC91CC50F4C001D5DEF /* LaunchScreen.storyboard */ = {
			isa = PBXVariantGroup;
			children = (
				A157DFCA1CC50F4C001D5DEF /* Base */,
			);
			name = LaunchScreen.storyboard;
			sourceTree = "<group>";
		};
/* End PBXVariantGroup section */

/* Begin XCBuildConfiguration section */
		A157DFCD1CC50F4C001D5DEF /* Debug */ = {
			isa = XCBuildConfiguration;
			buildSettings = {
				ALWAYS_SEARCH_USER_PATHS = NO;
				CLANG_CXX_LANGUAGE_STANDARD = "gnu++0x";
				CLANG_CXX_LIBRARY = "libc++";
				CLANG_ENABLE_MODULES = YES;
				CLANG_ENABLE_OBJC_ARC = YES;
				CLANG_WARN_BOOL_CONVERSION = YES;
				CLANG_WARN_CONSTANT_CONVERSION = YES;
				CLANG_WARN_DIRECT_OBJC_ISA_USAGE = YES_ERROR;
				CLANG_WARN_EMPTY_BODY = YES;
				CLANG_WARN_ENUM_CONVERSION = YES;
				CLANG_WARN_INT_CONVERSION = YES;
				CLANG_WARN_OBJC_ROOT_CLASS = YES_ERROR;
				CLANG_WARN_UNREACHABLE_CODE = YES;
				CLANG_WARN__DUPLICATE_METHOD_MATCH = YES;
				"CODE_SIGN_IDENTITY[sdk=iphoneos*]" = "iPhone Developer";
				COPY_PHASE_STRIP = NO;
				DEBUG_INFORMATION_FORMAT = dwarf;
				ENABLE_STRICT_OBJC_MSGSEND = YES;
				ENABLE_TESTABILITY = YES;
				GCC_C_LANGUAGE_STANDARD = gnu99;
				GCC_DYNAMIC_NO_PIC = NO;
				GCC_NO_COMMON_BLOCKS = YES;
				GCC_OPTIMIZATION_LEVEL = 0;
				GCC_PREPROCESSOR_DEFINITIONS = (
					"DEBUG=1",
					"$(inherited)",
				);
				GCC_WARN_64_TO_32_BIT_CONVERSION = YES;
				GCC_WARN_ABOUT_RETURN_TYPE = YES_ERROR;
				GCC_WARN_UNDECLARED_SELECTOR = YES;
				GCC_WARN_UNINITIALIZED_AUTOS = YES_AGGRESSIVE;
				GCC_WARN_UNUSED_FUNCTION = YES;
				GCC_WARN_UNUSED_VARIABLE = YES;
				IPHONEOS_DEPLOYMENT_TARGET = 9.2;
				MTL_ENABLE_DEBUG_INFO = YES;
				ONLY_ACTIVE_ARCH = YES;
				SDKROOT = iphoneos;
				SWIFT_OPTIMIZATION_LEVEL = "-Onone";
				TARGETED_DEVICE_FAMILY = "1,2";
			};
			name = Debug;
		};
		A157DFCE1CC50F4C001D5DEF /* Release */ = {
			isa = XCBuildConfiguration;
			buildSettings = {
				ALWAYS_SEARCH_USER_PATHS = NO;
				CLANG_CXX_LANGUAGE_STANDARD = "gnu++0x";
				CLANG_CXX_LIBRARY = "libc++";
				CLANG_ENABLE_MODULES = YES;
				CLANG_ENABLE_OBJC_ARC = YES;
				CLANG_WARN_BOOL_CONVERSION = YES;
				CLANG_WARN_CONSTANT_CONVERSION = YES;
				CLANG_WARN_DIRECT_OBJC_ISA_USAGE = YES_ERROR;
				CLANG_WARN_EMPTY_BODY = YES;
				CLANG_WARN_ENUM_CONVERSION = YES;
				CLANG_WARN_INT_CONVERSION = YES;
				CLANG_WARN_OBJC_ROOT_CLASS = YES_ERROR;
				CLANG_WARN_UNREACHABLE_CODE = YES;
				CLANG_WARN__DUPLICATE_METHOD_MATCH = YES;
				"CODE_SIGN_IDENTITY[sdk=iphoneos*]" = "iPhone Developer";
				COPY_PHASE_STRIP = NO;
				DEBUG_INFORMATION_FORMAT = "dwarf-with-dsym";
				ENABLE_NS_ASSERTIONS = NO;
				ENABLE_STRICT_OBJC_MSGSEND = YES;
				GCC_C_LANGUAGE_STANDARD = gnu99;
				GCC_NO_COMMON_BLOCKS = YES;
				GCC_WARN_64_TO_32_BIT_CONVERSION = YES;
				GCC_WARN_ABOUT_RETURN_TYPE = YES_ERROR;
				GCC_WARN_UNDECLARED_SELECTOR = YES;
				GCC_WARN_UNINITIALIZED_AUTOS = YES_AGGRESSIVE;
				GCC_WARN_UNUSED_FUNCTION = YES;
				GCC_WARN_UNUSED_VARIABLE = YES;
				IPHONEOS_DEPLOYMENT_TARGET = 9.2;
				MTL_ENABLE_DEBUG_INFO = NO;
				SDKROOT = iphoneos;
				TARGETED_DEVICE_FAMILY = "1,2";
				VALIDATE_PRODUCT = YES;
			};
			name = Release;
		};
		A157DFD01CC50F4C001D5DEF /* Debug */ = {
			isa = XCBuildConfiguration;
			buildSettings = {
				ASSETCATALOG_COMPILER_APPICON_NAME = AppIcon;
				INFOPLIST_FILE = TheScrapbook/Info.plist;
				LD_RUNPATH_SEARCH_PATHS = "$(inherited) @executable_path/Frameworks";
				PRODUCT_BUNDLE_IDENTIFIER = au.edu.uow.zxl653.TheScrapbook;
				PRODUCT_NAME = "$(TARGET_NAME)";
			};
			name = Debug;
		};
		A157DFD11CC50F4C001D5DEF /* Release */ = {
			isa = XCBuildConfiguration;
			buildSettings = {
				ASSETCATALOG_COMPILER_APPICON_NAME = AppIcon;
				INFOPLIST_FILE = TheScrapbook/Info.plist;
				LD_RUNPATH_SEARCH_PATHS = "$(inherited) @executable_path/Frameworks";
				PRODUCT_BUNDLE_IDENTIFIER = au.edu.uow.zxl653.TheScrapbook;
				PRODUCT_NAME = "$(TARGET_NAME)";
			};
			name = Release;
		};
/* End XCBuildConfiguration section */

/* Begin XCConfigurationList section */
		A157DFB51CC50F4B001D5DEF /* Build configuration list for PBXProject "TheScrapbook" */ = {
			isa = XCConfigurationList;
			buildConfigurations = (
				A157DFCD1CC50F4C001D5DEF /* Debug */,
				A157DFCE1CC50F4C001D5DEF /* Release */,
			);
			defaultConfigurationIsVisible = 0;
			defaultConfigurationName = Release;
		};
		A157DFCF1CC50F4C001D5DEF /* Build configuration list for PBXNativeTarget "TheScrapbook" */ = {
			isa = XCConfigurationList;
			buildConfigurations = (
				A157DFD01CC50F4C001D5DEF /* Debug */,
				A157DFD11CC50F4C001D5DEF /* Release */,
			);
			defaultConfigurationIsVisible = 0;
		};
/* End XCConfigurationList section */

/* Begin XCVersionGroup section */
		A157DFC41CC50F4C001D5DEF /* TheScrapbook.xcdatamodeld */ = {
			isa = XCVersionGroup;
			children = (
				A157DFC51CC50F4C001D5DEF /* TheScrapbook.xcdatamodel */,
			);
			currentVersion = A157DFC51CC50F4C001D5DEF /* TheScrapbook.xcdatamodel */;
			path = TheScrapbook.xcdatamodeld;
			sourceTree = "<group>";
			versionGroupType = wrapper.xcdatamodel;
		};
/* End XCVersionGroup section */
	};
	rootObject = A157DFB21CC50F4B001D5DEF /* Project object */;
}
